dependencies:
  espressif/cjson:
    component_hash: e788323270d90738662d66fffa910bfe1fba019bba087f01557e70c40485b469
    dependencies:
    - name: idf
      require: private
      version: '>=5.0'
    source:
      registry_url: https://components.espressif.com
      type: service
    version: 1.7.19~2
  espressif/dl_fft:
    component_hash: 965be7152132b365061abf5fc5fc7b85e525f73b94a204cdda61cfe9572c0d77
    dependencies:
    - name: idf
      require: private
      version: '>=5.0'
    source:
      registry_url: https://components.espressif.com
      type: service
    version: 0.8.0
  espressif/es8311:
    component_hash: 46b3117250344bb03f143d5e2becf81cfb111679fbd7b95cefc2d302d36cc393
    dependencies:
    - name: idf
      require: private
      version: '>=4.4,<6.0'
    source:
      registry_url: https://components.espressif.com/
      type: service
    version: 1.0.0~1
  espressif/esp-dl:
    component_hash: 3148b2692a2943d7e35401dc10a181b6ba83515ec70ef51499ac5d2593eef3e2
    dependencies:
    - name: espressif/dl_fft
      registry_url: https://components.espressif.com
      require: private
      version: '>=0.8.0'
    - name: espressif/esp_new_jpeg
      registry_url: https://components.espressif.com
      require: private
      version: ^1
    - name: idf
      require: private
      version: '*'
    source:
      registry_url: https://components.espressif.com
      type: service
    targets:
    - esp32
    - esp32c2
    - esp32c3
    - esp32c5
    - esp32c6
    - esp32p4
    - esp32s2
    - esp32s3
    - esp32s31
    version: 3.3.13
  espressif/esp-sr:
    component_hash: 698154c0a94f6c8ac3e1ac669ec3ea741e6f848022b0f89030eddb23f3a31e14
    dependencies:
    - name: espressif/cjson
      registry_url: https://components.espressif.com
      require: private
      version: ^1.7.19
    - name: espressif/dl_fft
      registry_url: https://components.espressif.com
      require: private
      version: '>=0.6.0'
    - name: espressif/esp-dl
      registry_url: https://components.espressif.com
      require: private
      version: ~3.3.12
    - name: espressif/esp-dsp
      registry_url: https://components.espressif.com
      require: private
      rules:
      - if: target in [esp32, esp32s2, esp32c3, esp32c5, esp32c6]
      version: 1.8.0
    - name: idf
      require: private
      version: '>=5.0'
    source:
      registry_url: https://components.espressif.com/
      type: service
    version: 2.5.5
  espressif/esp_new_jpeg:
    component_hash: e1e7e6991193c41ed6c9fc386702aa7821433319e7aa9c3147cd3236310cd69c
    dependencies: []
    source:
      registry_url: https://components.espressif.com
      type: service
    targets:
    - esp32
    - esp32s2
    - esp32s3
    - esp32s31
    - esp32p4
    - esp32c2
    - esp32c3
    - esp32c5
    - esp32c6
    - esp32c61
    - esp32h4
    version: 1.0.2
  espressif/led_strip:
    component_hash: 28621486f77229aaf81c71f5e15d6fbf36c2949cf11094e07090593e659e7639
    dependencies:
    - name: idf
      require: private
      version: '>=5.0'
    source:
      registry_url: https://components.espressif.com/
      type: service
    version: 3.0.3
  espressif/mdns:
    component_hash: b679eafd0acae2066e2645bd91d073e33ca5be515e2545cd3c4e55a3e3bce3cb
    dependencies:
    - name: idf
      require: private
      version: '>=5.0'
    source:
      registry_url: https://components.espressif.com/
      type: service
    version: 1.13.1
  idf:
    source:
      type: idf
    version: 5.4.4
  lvgl/lvgl:
    component_hash: d7c1ac037ae6e85d94897f807d6e7ba0946a83e720074fc95a4f6241da9f9f53
    dependencies: []
    source:
      registry_url: https://components.espressif.com/
      type: service
    version: 8.4.0
  teriyakigod/esp_lcd_st7735:
    component_hash: 5c61377ee7a5bbccb40a629c2db9c1918ce1645beb2732c007934c52bc1be2a1
    dependencies: []
    source:
      registry_url: https://components.espressif.com/
      type: service
    version: 0.0.1
direct_dependencies:
- espressif/es8311
- espressif/esp-sr
- espressif/led_strip
- espressif/mdns
- idf
- lvgl/lvgl
- teriyakigod/esp_lcd_st7735
manifest_hash: 78a04081a31a6ee43027a6f77764ab19be8aa46f889b0936cbe6000c1e3a8256
target: esp32s3
version: 2.0.0
